
Microsoft Visual Studio Solution File, Format Version 12.00
# Visual Studio Version 16
VisualStudioVersion = 16.0.30804.86
MinimumVisualStudioVersion = 10.0.40219.1
Project("{9A19103F-16F7-4668-BE54-9A1E7A4F7556}") = "RestfulChallengeApp", "RestfulChallengeApp\RestfulChallengeApp.csproj", "{241EFDFB-81CE-44A5-B71B-5190F3FE5225}"
EndProject
Global
	GlobalSection(SolutionConfigurationPlatforms) = preSolution
		Debug|Any CPU = Debug|Any CPU
		Release|Any CPU = Release|Any CPU
	EndGlobalSection
	GlobalSection(ProjectConfigurationPlatforms) = postSolution
		{241EFDFB-81CE-44A5-B71B-5190F3FE5225}.Debug|Any CPU.ActiveCfg = Debug|Any CPU
		{241EFDFB-81CE-44A5-B71B-5190F3FE5225}.Debug|Any CPU.Build.0 = Debug|Any CPU
		{241EFDFB-81CE-44A5-B71B-5190F3FE5225}.Release|Any CPU.ActiveCfg = Release|Any CPU
		{241EFDFB-81CE-44A5-B71B-5190F3FE5225}.Release|Any CPU.Build.0 = Release|Any CPU
	EndGlobalSection
	GlobalSection(SolutionProperties) = preSolution
		HideSolutionNode = FALSE
	EndGlobalSection
	GlobalSection(ExtensibilityGlobals) = postSolution
		SolutionGuid = {F27E7097-B130-4800-8465-6179E78BA43C}
	EndGlobalSection
EndGlobal
